
Microsoft Visual Studio Solution File, Format Version 12.00
# Visual Studio Version 16
VisualStudioVersion = 16.0.31205.134
MinimumVisualStudioVersion = 10.0.40219.1
Project("{FAE04EC0-301F-11D3-BF4B-00C04F79EFBC}") = "Hyland.Rocket.RPA.ApiHelper", "Hyland.Rocket.RPA.ApiHelper\Hyland.Rocket.RPA.ApiHelper.csproj", "{EF22F3B8-910A-4C35-ADB0-19E532475E18}"
EndProject
Project("{2150E333-8FDC-42A3-9474-1A3956D46DE8}") = "Solution Items", "Solution Items", "{7FC1CA84-730F-414E-83F8-3CF30E13DE23}"
	ProjectSection(SolutionItems) = preProject
		.editorconfig = .editorconfig
	EndProjectSection
EndProject
Global
	GlobalSection(SolutionConfigurationPlatforms) = preSolution
		Debug|Any CPU = Debug|Any CPU
		Release|Any CPU = Release|Any CPU
	EndGlobalSection
	GlobalSection(ProjectConfigurationPlatforms) = postSolution
		{EF22F3B8-910A-4C35-ADB0-19E532475E18}.Debug|Any CPU.ActiveCfg = Debug|Any CPU
		{EF22F3B8-910A-4C35-ADB0-19E532475E18}.Debug|Any CPU.Build.0 = Debug|Any CPU
		{EF22F3B8-910A-4C35-ADB0-19E532475E18}.Release|Any CPU.ActiveCfg = Release|Any CPU
		{EF22F3B8-910A-4C35-ADB0-19E532475E18}.Release|Any CPU.Build.0 = Release|Any CPU
	EndGlobalSection
	GlobalSection(SolutionProperties) = preSolution
		HideSolutionNode = FALSE
	EndGlobalSection
	GlobalSection(ExtensibilityGlobals) = postSolution
		SolutionGuid = {6F72AFC9-11CC-402B-9D27-0C94E88373B5}
	EndGlobalSection
EndGlobal
